Microsoft Visual Studio Solution File, Format Version 11.00
# Visual Studio 2010
Project("{FAE04EC0-301F-11D3-BF4B-00C04F79EFBC}") = "BCProxyLogin", "BCProxyLogin.csproj", "{FAA706A6-F496-483E-9710-1451AE15FB27}"
EndProject
Global
	GlobalSection(SolutionConfigurationPlatforms) = preSolution
		Dist|Any CPU = Dist|Any CPU
		None|Any CPU = None|Any CPU
		Portal|Any CPU = Portal|Any CPU
		Portal-dev|Any CPU = Portal-dev|Any CPU
	EndGlobalSection
	GlobalSection(ProjectConfigurationPlatforms) = postSolution
		{FAA706A6-F496-483E-9710-1451AE15FB27}.Dist|Any CPU.ActiveCfg = Dist|Any CPU
		{FAA706A6-F496-483E-9710-1451AE15FB27}.Dist|Any CPU.Build.0 = Dist|Any CPU
		{FAA706A6-F496-483E-9710-1451AE15FB27}.None|Any CPU.ActiveCfg = None|Any CPU
		{FAA706A6-F496-483E-9710-1451AE15FB27}.None|Any CPU.Build.0 = None|Any CPU
		{FAA706A6-F496-483E-9710-1451AE15FB27}.Portal|Any CPU.ActiveCfg = Portal|Any CPU
		{FAA706A6-F496-483E-9710-1451AE15FB27}.Portal|Any CPU.Build.0 = Portal|Any CPU
		{FAA706A6-F496-483E-9710-1451AE15FB27}.Portal-dev|Any CPU.ActiveCfg = Portal-dev|Any CPU
		{FAA706A6-F496-483E-9710-1451AE15FB27}.Portal-dev|Any CPU.Build.0 = Portal-dev|Any CPU
	EndGlobalSection
	GlobalSection(SolutionProperties) = preSolution
		HideSolutionNode = FALSE
	EndGlobalSection
EndGlobal
